
Microsoft Visual Studio Solution File, Format Version 12.00
# Visual Studio Version 17
VisualStudioVersion = 17.10.35004.147
MinimumVisualStudioVersion = 10.0.40219.1
Project("{FAE04EC0-301F-11D3-BF4B-00C04F79EFBC}") = "BeerBox_NativeModloader", "BeerBox_NativeModloader\BeerBox_NativeModloader.csproj", "{5A79D48D-454D-45C0-BDBE-803A87413E36}"
EndProject
Global
	GlobalSection(SolutionConfigurationPlatforms) = preSolution
		Debug|Any CPU = Debug|Any CPU
		Release|Any CPU = Release|Any CPU
	EndGlobalSection
	GlobalSection(ProjectConfigurationPlatforms) = postSolution
		{5A79D48D-454D-45C0-BDBE-803A87413E36}.Debug|Any CPU.ActiveCfg = Debug|Any CPU
		{5A79D48D-454D-45C0-BDBE-803A87413E36}.Debug|Any CPU.Build.0 = Debug|Any CPU
		{5A79D48D-454D-45C0-BDBE-803A87413E36}.Release|Any CPU.ActiveCfg = Release|Any CPU
		{5A79D48D-454D-45C0-BDBE-803A87413E36}.Release|Any CPU.Build.0 = Release|Any CPU
	EndGlobalSection
	GlobalSection(SolutionProperties) = preSolution
		HideSolutionNode = FALSE
	EndGlobalSection
	GlobalSection(ExtensibilityGlobals) = postSolution
		SolutionGuid = {4B40C163-92B5-469C-888B-407CB9674283}
	EndGlobalSection
EndGlobal
